
Microsoft Visual Studio Solution File, Format Version 12.00
# Visual Studio Version 16
VisualStudioVersion = 16.0.28803.156
MinimumVisualStudioVersion = 10.0.40219.1
Project("{FAE04EC0-301F-11D3-BF4B-00C04F79EFBC}") = "Practica61-fjgv1819", "Practica61-fjgv1819.csproj", "{0426C659-4DEE-42BE-81FC-759F523FEC02}"
EndProject
Global
	GlobalSection(SolutionConfigurationPlatforms) = preSolution
		Debug|Any CPU = Debug|Any CPU
		Release|Any CPU = Release|Any CPU
	EndGlobalSection
	GlobalSection(ProjectConfigurationPlatforms) = postSolution
		{0426C659-4DEE-42BE-81FC-759F523FEC02}.Debug|Any CPU.ActiveCfg = Debug|Any CPU
		{0426C659-4DEE-42BE-81FC-759F523FEC02}.Debug|Any CPU.Build.0 = Debug|Any CPU
		{0426C659-4DEE-42BE-81FC-759F523FEC02}.Release|Any CPU.ActiveCfg = Release|Any CPU
		{0426C659-4DEE-42BE-81FC-759F523FEC02}.Release|Any CPU.Build.0 = Release|Any CPU
	EndGlobalSection
	GlobalSection(SolutionProperties) = preSolution
		HideSolutionNode = FALSE
	EndGlobalSection
	GlobalSection(ExtensibilityGlobals) = postSolution
		SolutionGuid = {1E7B5B49-6C39-442B-A06C-8746220AD906}
	EndGlobalSection
EndGlobal
